
Microsoft Visual Studio Solution File, Format Version 12.00
# Visual Studio 14
VisualStudioVersion = 14.0.25123.0
MinimumVisualStudioVersion = 10.0.40219.1
Project("{FAE04EC0-301F-11D3-BF4B-00C04F79EFBC}") = "Core", "Core\Core.csproj", "{E20B6550-CE87-4C30-AAE0-7798A5936672}"
EndProject
Project("{FAE04EC0-301F-11D3-BF4B-00C04F79EFBC}") = "CoreTests", "CoreTests\CoreTests.csproj", "{56934C3A-B143-47D7-80A6-DF6C1C8AEF0F}"
EndProject
Project("{FAE04EC0-301F-11D3-BF4B-00C04F79EFBC}") = "WindowsDesktopView", "WindowsDesktopView\WindowsDesktopView.csproj", "{57F0AF7E-1FDB-4202-AE9D-30546CE96106}"
EndProject
Project("{FAE04EC0-301F-11D3-BF4B-00C04F79EFBC}") = "WindowsDesktopTests", "WindowsDesktopTests\WindowsDesktopTests.csproj", "{EC049B63-820F-4F27-880E-78B36F894EF6}"
EndProject
Project("{FAE04EC0-301F-11D3-BF4B-00C04F79EFBC}") = "WPFTests", "WPFTests\WPFTests.csproj", "{BEAC06C0-B211-4E1A-941A-7451B1A0A8C1}"
EndProject
Project("{FAE04EC0-301F-11D3-BF4B-00C04F79EFBC}") = "WPFView", "WPFView\WPFView.csproj", "{B855F852-EE65-4DA5-821F-26D5E69FE1AA}"
EndProject
Global
	GlobalSection(SolutionConfigurationPlatforms) = preSolution
		Debug|Any CPU = Debug|Any CPU
		Release|Any CPU = Release|Any CPU
	EndGlobalSection
	GlobalSection(ProjectConfigurationPlatforms) = postSolution
		{E20B6550-CE87-4C30-AAE0-7798A5936672}.Debug|Any CPU.ActiveCfg = Debug|Any CPU
		{E20B6550-CE87-4C30-AAE0-7798A5936672}.Debug|Any CPU.Build.0 = Debug|Any CPU
		{E20B6550-CE87-4C30-AAE0-7798A5936672}.Release|Any CPU.ActiveCfg = Release|Any CPU
		{E20B6550-CE87-4C30-AAE0-7798A5936672}.Release|Any CPU.Build.0 = Release|Any CPU
		{56934C3A-B143-47D7-80A6-DF6C1C8AEF0F}.Debug|Any CPU.ActiveCfg = Debug|Any CPU
		{56934C3A-B143-47D7-80A6-DF6C1C8AEF0F}.Debug|Any CPU.Build.0 = Debug|Any CPU
		{56934C3A-B143-47D7-80A6-DF6C1C8AEF0F}.Release|Any CPU.ActiveCfg = Release|Any CPU
		{56934C3A-B143-47D7-80A6-DF6C1C8AEF0F}.Release|Any CPU.Build.0 = Release|Any CPU
		{57F0AF7E-1FDB-4202-AE9D-30546CE96106}.Debug|Any CPU.ActiveCfg = Debug|Any CPU
		{57F0AF7E-1FDB-4202-AE9D-30546CE96106}.Debug|Any CPU.Build.0 = Debug|Any CPU
		{57F0AF7E-1FDB-4202-AE9D-30546CE96106}.Release|Any CPU.ActiveCfg = Release|Any CPU
		{57F0AF7E-1FDB-4202-AE9D-30546CE96106}.Release|Any CPU.Build.0 = Release|Any CPU
		{EC049B63-820F-4F27-880E-78B36F894EF6}.Debug|Any CPU.ActiveCfg = Debug|Any CPU
		{EC049B63-820F-4F27-880E-78B36F894EF6}.Debug|Any CPU.Build.0 = Debug|Any CPU
		{EC049B63-820F-4F27-880E-78B36F894EF6}.Release|Any CPU.ActiveCfg = Release|Any CPU
		{EC049B63-820F-4F27-880E-78B36F894EF6}.Release|Any CPU.Build.0 = Release|Any CPU
		{BEAC06C0-B211-4E1A-941A-7451B1A0A8C1}.Debug|Any CPU.ActiveCfg = Debug|Any CPU
		{BEAC06C0-B211-4E1A-941A-7451B1A0A8C1}.Debug|Any CPU.Build.0 = Debug|Any CPU
		{BEAC06C0-B211-4E1A-941A-7451B1A0A8C1}.Release|Any CPU.ActiveCfg = Release|Any CPU
		{BEAC06C0-B211-4E1A-941A-7451B1A0A8C1}.Release|Any CPU.Build.0 = Release|Any CPU
		{B855F852-EE65-4DA5-821F-26D5E69FE1AA}.Debug|Any CPU.ActiveCfg = Debug|Any CPU
		{B855F852-EE65-4DA5-821F-26D5E69FE1AA}.Debug|Any CPU.Build.0 = Debug|Any CPU
		{B855F852-EE65-4DA5-821F-26D5E69FE1AA}.Release|Any CPU.ActiveCfg = Release|Any CPU
		{B855F852-EE65-4DA5-821F-26D5E69FE1AA}.Release|Any CPU.Build.0 = Release|Any CPU
	EndGlobalSection
	GlobalSection(SolutionProperties) = preSolution
		HideSolutionNode = FALSE
	EndGlobalSection
EndGlobal
