
Microsoft Visual Studio Solution File, Format Version 12.00
# Visual Studio Version 16
VisualStudioVersion = 16.0.29424.173
MinimumVisualStudioVersion = 10.0.40219.1
Project("{FAE04EC0-301F-11D3-BF4B-00C04F79EFBC}") = "WpfTests", "WPFTests\WpfTests.csproj", "{BEAC06C0-B211-4E1A-941A-7451B1A0A8C1}"
	ProjectSection(ProjectDependencies) = postProject
		{26DF7145-C6C1-41B1-A8E7-8AE8303AC515} = {26DF7145-C6C1-41B1-A8E7-8AE8303AC515}
	EndProjectSection
EndProject
Project("{FAE04EC0-301F-11D3-BF4B-00C04F79EFBC}") = "WpfView", "WPFView\WpfView.csproj", "{B855F852-EE65-4DA5-821F-26D5E69FE1AA}"
EndProject
Project("{FAE04EC0-301F-11D3-BF4B-00C04F79EFBC}") = "WpfUI", "WpfUI\WpfUI.csproj", "{26DF7145-C6C1-41B1-A8E7-8AE8303AC515}"
EndProject
Project("{9A19103F-16F7-4668-BE54-9A1E7A4F7556}") = "Core", "Core\Core.csproj", "{BECEBF8F-44A2-4DE2-B5B5-63B968BD4DD8}"
EndProject
Project("{2150E333-8FDC-42A3-9474-1A3956D46DE8}") = "Solution Items", "Solution Items", "{43853BB8-B428-4F50-8C4E-28D14C313193}"
	ProjectSection(SolutionItems) = preProject
		.editorconfig = .editorconfig
		.travis.yml = .travis.yml
	EndProjectSection
EndProject
Project("{9A19103F-16F7-4668-BE54-9A1E7A4F7556}") = "UnitTests", "UnitTests\UnitTests.csproj", "{92BA3B2F-19D0-4132-A24A-2ED261ECDA78}"
EndProject
Project("{9A19103F-16F7-4668-BE54-9A1E7A4F7556}") = "Data", "Data\Data.csproj", "{FBB86A72-491D-4214-BDDF-8C97B060C65A}"
EndProject
Project("{9A19103F-16F7-4668-BE54-9A1E7A4F7556}") = "Geometry", "Geometry\Geometry.csproj", "{D9A838EA-CA21-40FC-8EB5-0A802DC198B1}"
EndProject
Global
	GlobalSection(SolutionConfigurationPlatforms) = preSolution
		Debug|Any CPU = Debug|Any CPU
		Release|Any CPU = Release|Any CPU
	EndGlobalSection
	GlobalSection(ProjectConfigurationPlatforms) = postSolution
		{BEAC06C0-B211-4E1A-941A-7451B1A0A8C1}.Debug|Any CPU.ActiveCfg = Debug|Any CPU
		{BEAC06C0-B211-4E1A-941A-7451B1A0A8C1}.Debug|Any CPU.Build.0 = Debug|Any CPU
		{BEAC06C0-B211-4E1A-941A-7451B1A0A8C1}.Release|Any CPU.ActiveCfg = Release|Any CPU
		{BEAC06C0-B211-4E1A-941A-7451B1A0A8C1}.Release|Any CPU.Build.0 = Release|Any CPU
		{B855F852-EE65-4DA5-821F-26D5E69FE1AA}.Debug|Any CPU.ActiveCfg = Debug|Any CPU
		{B855F852-EE65-4DA5-821F-26D5E69FE1AA}.Debug|Any CPU.Build.0 = Debug|Any CPU
		{B855F852-EE65-4DA5-821F-26D5E69FE1AA}.Release|Any CPU.ActiveCfg = Release|Any CPU
		{B855F852-EE65-4DA5-821F-26D5E69FE1AA}.Release|Any CPU.Build.0 = Release|Any CPU
		{26DF7145-C6C1-41B1-A8E7-8AE8303AC515}.Debug|Any CPU.ActiveCfg = Debug|Any CPU
		{26DF7145-C6C1-41B1-A8E7-8AE8303AC515}.Debug|Any CPU.Build.0 = Debug|Any CPU
		{26DF7145-C6C1-41B1-A8E7-8AE8303AC515}.Release|Any CPU.ActiveCfg = Release|Any CPU
		{26DF7145-C6C1-41B1-A8E7-8AE8303AC515}.Release|Any CPU.Build.0 = Release|Any CPU
		{BECEBF8F-44A2-4DE2-B5B5-63B968BD4DD8}.Debug|Any CPU.ActiveCfg = Debug|Any CPU
		{BECEBF8F-44A2-4DE2-B5B5-63B968BD4DD8}.Debug|Any CPU.Build.0 = Debug|Any CPU
		{BECEBF8F-44A2-4DE2-B5B5-63B968BD4DD8}.Release|Any CPU.ActiveCfg = Release|Any CPU
		{BECEBF8F-44A2-4DE2-B5B5-63B968BD4DD8}.Release|Any CPU.Build.0 = Release|Any CPU
		{92BA3B2F-19D0-4132-A24A-2ED261ECDA78}.Debug|Any CPU.ActiveCfg = Debug|Any CPU
		{92BA3B2F-19D0-4132-A24A-2ED261ECDA78}.Debug|Any CPU.Build.0 = Debug|Any CPU
		{92BA3B2F-19D0-4132-A24A-2ED261ECDA78}.Release|Any CPU.ActiveCfg = Release|Any CPU
		{92BA3B2F-19D0-4132-A24A-2ED261ECDA78}.Release|Any CPU.Build.0 = Release|Any CPU
		{FBB86A72-491D-4214-BDDF-8C97B060C65A}.Debug|Any CPU.ActiveCfg = Debug|Any CPU
		{FBB86A72-491D-4214-BDDF-8C97B060C65A}.Debug|Any CPU.Build.0 = Debug|Any CPU
		{FBB86A72-491D-4214-BDDF-8C97B060C65A}.Release|Any CPU.ActiveCfg = Release|Any CPU
		{FBB86A72-491D-4214-BDDF-8C97B060C65A}.Release|Any CPU.Build.0 = Release|Any CPU
		{D9A838EA-CA21-40FC-8EB5-0A802DC198B1}.Debug|Any CPU.ActiveCfg = Debug|Any CPU
		{D9A838EA-CA21-40FC-8EB5-0A802DC198B1}.Debug|Any CPU.Build.0 = Debug|Any CPU
		{D9A838EA-CA21-40FC-8EB5-0A802DC198B1}.Release|Any CPU.ActiveCfg = Release|Any CPU
		{D9A838EA-CA21-40FC-8EB5-0A802DC198B1}.Release|Any CPU.Build.0 = Release|Any CPU
	EndGlobalSection
	GlobalSection(SolutionProperties) = preSolution
		HideSolutionNode = FALSE
	EndGlobalSection
	GlobalSection(ExtensibilityGlobals) = postSolution
		SolutionGuid = {672366C7-A445-4CF3-863B-134A45E40330}
	EndGlobalSection
EndGlobal
